// !$*UTF8*$!
{
	archiveVersion = 1;
	classes = {
	};
	objectVersion = 48;
	objects = {

/* Begin PBXBuildFile section */
		A60E1FCA2056F7AE001EAC2B /* RandomObjectsViewController.swift in Sources */ = {isa = PBXBuildFile; fileRef = A60E1FC92056F7AE001EAC2B /* RandomObjectsViewController.swift */; };
		A625C30D2059D211000E37D1 /* heart.png in Resources */ = {isa = PBXBuildFile; fileRef = A625C30C2059D211000E37D1 /* heart.png */; };
		A66B11D0205B480800CDE190 /* search.png in Resources */ = {isa = PBXBuildFile; fileRef = A66B11CF205B480800CDE190 /* search.png */; };
		A66B11D3205B49A500CDE190 /* TradeTableViewController.swift in Sources */ = {isa = PBXBuildFile; fileRef = A66B11D2205B49A500CDE190 /* TradeTableViewController.swift */; };
		A66B11D5205BCA1C00CDE190 /* white.png in Resources */ = {isa = PBXBuildFile; fileRef = A66B11D4205BCA1C00CDE190 /* white.png */; };
		A66B11DE205BCB6E00CDE190 /* colorless.png in Resources */ = {isa = PBXBuildFile; fileRef = A66B11D7205BCB6D00CDE190 /* colorless.png */; };
		A66B11DF205BCB6E00CDE190 /* blue.png in Resources */ = {isa = PBXBuildFile; fileRef = A66B11D8205BCB6D00CDE190 /* blue.png */; };
		A66B11E0205BCB6E00CDE190 /* energy.png in Resources */ = {isa = PBXBuildFile; fileRef = A66B11D9205BCB6D00CDE190 /* energy.png */; };
		A66B11E1205BCB6E00CDE190 /* black.png in Resources */ = {isa = PBXBuildFile; fileRef = A66B11DA205BCB6D00CDE190 /* black.png */; };
		A66B11E2205BCB6E00CDE190 /* storm.png in Resources */ = {isa = PBXBuildFile; fileRef = A66B11DB205BCB6D00CDE190 /* storm.png */; };
		A66B11E3205BCB6E00CDE190 /* red.png in Resources */ = {isa = PBXBuildFile; fileRef = A66B11DC205BCB6E00CDE190 /* red.png */; };
		A66B11E4205BCB6E00CDE190 /* green.png in Resources */ = {isa = PBXBuildFile; fileRef = A66B11DD205BCB6E00CDE190 /* green.png */; };
		A66B11E8205BCC9F00CDE190 /* minus.png in Resources */ = {isa = PBXBuildFile; fileRef = A66B11E6205BCC9F00CDE190 /* minus.png */; };
		A66B11E9205BCC9F00CDE190 /* plus.png in Resources */ = {isa = PBXBuildFile; fileRef = A66B11E7205BCC9F00CDE190 /* plus.png */; };
		A66B11EC205BCDF700CDE190 /* poison.png in Resources */ = {isa = PBXBuildFile; fileRef = A66B11EB205BCDF700CDE190 /* poison.png */; };
		A66B11F3205BCFCD00CDE190 /* increase.png in Resources */ = {isa = PBXBuildFile; fileRef = A66B11F1205BCFCC00CDE190 /* increase.png */; };
		A66B11F4205BCFCD00CDE190 /* decrease.png in Resources */ = {isa = PBXBuildFile; fileRef = A66B11F2205BCFCD00CDE190 /* decrease.png */; };
		A66B11F8205BD34900CDE190 /* dice.png in Resources */ = {isa = PBXBuildFile; fileRef = A66B11F7205BD34900CDE190 /* dice.png */; };
		A66B11FD205BD43A00CDE190 /* trade.png in Resources */ = {isa = PBXBuildFile; fileRef = A66B11FC205BD43A00CDE190 /* trade.png */; };
		A66B1201205BD51A00CDE190 /* counter.png in Resources */ = {isa = PBXBuildFile; fileRef = A66B1200205BD51900CDE190 /* counter.png */; };
		A66B1209205C0AA500CDE190 /* 10sided.png in Resources */ = {isa = PBXBuildFile; fileRef = A66B1203205C0AA400CDE190 /* 10sided.png */; };
		A66B120A205C0AA500CDE190 /* 6sided.png in Resources */ = {isa = PBXBuildFile; fileRef = A66B1204205C0AA400CDE190 /* 6sided.png */; };
		A66B120B205C0AA500CDE190 /* 20sided.png in Resources */ = {isa = PBXBuildFile; fileRef = A66B1205205C0AA400CDE190 /* 20sided.png */; };
		A66B120C205C0AA500CDE190 /* 4sided.png in Resources */ = {isa = PBXBuildFile; fileRef = A66B1206205C0AA500CDE190 /* 4sided.png */; };
		A66B120D205C0AA500CDE190 /* flipcoin.png in Resources */ = {isa = PBXBuildFile; fileRef = A66B1207205C0AA500CDE190 /* flipcoin.png */; };
		A66B120E205C0AA500CDE190 /* xsided.png in Resources */ = {isa = PBXBuildFile; fileRef = A66B1208205C0AA500CDE190 /* xsided.png */; };
		A66B1213205C103700CDE190 /* SearchTableViewController.swift in Sources */ = {isa = PBXBuildFile; fileRef = A66B1212205C103700CDE190 /* SearchTableViewController.swift */; };
		A66B1215205C111200CDE190 /* Cards.swift in Sources */ = {isa = PBXBuildFile; fileRef = A66B1214205C111200CDE190 /* Cards.swift */; };
		A66B1217205C188000CDE190 /* DetailViewController.swift in Sources */ = {isa = PBXBuildFile; fileRef = A66B1216205C188000CDE190 /* DetailViewController.swift */; };
		A6814D37205869C10060BC9F /* ManaCounterViewController.swift in Sources */ = {isa = PBXBuildFile; fileRef = A6814D36205869C10060BC9F /* ManaCounterViewController.swift */; };
		A6BF563B205C361500B7C106 /* the scarab god.png in Resources */ = {isa = PBXBuildFile; fileRef = A6BF5638205C361500B7C106 /* the scarab god.png */; };
		A6BF563C205C361500B7C106 /* lightning bolt.png in Resources */ = {isa = PBXBuildFile; fileRef = A6BF5639205C361500B7C106 /* lightning bolt.png */; };
		A6BF563D205C361500B7C106 /* snapcaster mage.png in Resources */ = {isa = PBXBuildFile; fileRef = A6BF563A205C361500B7C106 /* snapcaster mage.png */; };
		A6BF563F205C5AE900B7C106 /* ponder.png in Resources */ = {isa = PBXBuildFile; fileRef = A6BF563E205C5AE900B7C106 /* ponder.png */; };
		A6E34683205C72AE0006A247 /* mox opal.png in Resources */ = {isa = PBXBuildFile; fileRef = A6E34682205C72AE0006A247 /* mox opal.png */; };
		A6FDFFED204F0B5C0010068B /* AppDelegate.swift in Sources */ = {isa = PBXBuildFile; fileRef = A6FDFFEC204F0B5C0010068B /* AppDelegate.swift */; };
		A6FDFFEF204F0B5C0010068B /* LifeCounterViewController.swift in Sources */ = {isa = PBXBuildFile; fileRef = A6FDFFEE204F0B5C0010068B /* LifeCounterViewController.swift */; };
		A6FDFFF2204F0B5C0010068B /* Main.storyboard in Resources */ = {isa = PBXBuildFile; fileRef = A6FDFFF0204F0B5C0010068B /* Main.storyboard */; };
		A6FDFFF4204F0B5C0010068B /* Assets.xcassets in Resources */ = {isa = PBXBuildFile; fileRef = A6FDFFF3204F0B5C0010068B /* Assets.xcassets */; };
		A6FDFFF7204F0B5C0010068B /* LaunchScreen.storyboard in Resources */ = {isa = PBXBuildFile; fileRef = A6FDFFF5204F0B5C0010068B /* LaunchScreen.storyboard */; };
/* End PBXBuildFile section */

/* Begin PBXFileReference section */
		A60E1FC92056F7AE001EAC2B /* RandomObjectsViewController.swift */ = {isa = PBXFileReference; lastKnownFileType = sourcecode.swift; path = RandomObjectsViewController.swift; sourceTree = "<group>"; };
		A625C30C2059D211000E37D1 /* heart.png */ = {isa = PBXFileReference; lastKnownFileType = image.png; path = heart.png; sourceTree = "<group>"; };
		A66B11CF205B480800CDE190 /* search.png */ = {isa = PBXFileReference; lastKnownFileType = image.png; path = search.png; sourceTree = "<group>"; };
		A66B11D2205B49A500CDE190 /* TradeTableViewController.swift */ = {isa = PBXFileReference; lastKnownFileType = sourcecode.swift; path = TradeTableViewController.swift; sourceTree = "<group>"; };
		A66B11D4205BCA1C00CDE190 /* white.png */ = {isa = PBXFileReference; lastKnownFileType = image.png; path = white.png; sourceTree = "<group>"; };
		A66B11D7205BCB6D00CDE190 /* colorless.png */ = {isa = PBXFileReference; lastKnownFileType = image.png; path = colorless.png; sourceTree = "<group>"; };
		A66B11D8205BCB6D00CDE190 /* blue.png */ = {isa = PBXFileReference; lastKnownFileType = image.png; path = blue.png; sourceTree = "<group>"; };
		A66B11D9205BCB6D00CDE190 /* energy.png */ = {isa = PBXFileReference; lastKnownFileType = image.png; path = energy.png; sourceTree = "<group>"; };
		A66B11DA205BCB6D00CDE190 /* black.png */ = {isa = PBXFileReference; lastKnownFileType = image.png; path = black.png; sourceTree = "<group>"; };
		A66B11DB205BCB6D00CDE190 /* storm.png */ = {isa = PBXFileReference; lastKnownFileType = image.png; path = storm.png; sourceTree = "<group>"; };
		A66B11DC205BCB6E00CDE190 /* red.png */ = {isa = PBXFileReference; lastKnownFileType = image.png; path = red.png; sourceTree = "<group>"; };
		A66B11DD205BCB6E00CDE190 /* green.png */ = {isa = PBXFileReference; lastKnownFileType = image.png; path = green.png; sourceTree = "<group>"; };
		A66B11E6205BCC9F00CDE190 /* minus.png */ = {isa = PBXFileReference; lastKnownFileType = image.png; path = minus.png; sourceTree = "<group>"; };
		A66B11E7205BCC9F00CDE190 /* plus.png */ = {isa = PBXFileReference; lastKnownFileType = image.png; path = plus.png; sourceTree = "<group>"; };
		A66B11EB205BCDF700CDE190 /* poison.png */ = {isa = PBXFileReference; lastKnownFileType = image.png; path = poison.png; sourceTree = "<group>"; };
		A66B11F1205BCFCC00CDE190 /* increase.png */ = {isa = PBXFileReference; lastKnownFileType = image.png; path = increase.png; sourceTree = "<group>"; };
		A66B11F2205BCFCD00CDE190 /* decrease.png */ = {isa = PBXFileReference; lastKnownFileType = image.png; path = decrease.png; sourceTree = "<group>"; };
		A66B11F7205BD34900CDE190 /* dice.png */ = {isa = PBXFileReference; lastKnownFileType = image.png; path = dice.png; sourceTree = "<group>"; };
		A66B11FC205BD43A00CDE190 /* trade.png */ = {isa = PBXFileReference; lastKnownFileType = image.png; path = trade.png; sourceTree = "<group>"; };
		A66B1200205BD51900CDE190 /* counter.png */ = {isa = PBXFileReference; lastKnownFileType = image.png; path = counter.png; sourceTree = "<group>"; };
		A66B1203205C0AA400CDE190 /* 10sided.png */ = {isa = PBXFileReference; lastKnownFileType = image.png; path = 10sided.png; sourceTree = "<group>"; };
		A66B1204205C0AA400CDE190 /* 6sided.png */ = {isa = PBXFileReference; lastKnownFileType = image.png; path = 6sided.png; sourceTree = "<group>"; };
		A66B1205205C0AA400CDE190 /* 20sided.png */ = {isa = PBXFileReference; lastKnownFileType = image.png; path = 20sided.png; sourceTree = "<group>"; };
		A66B1206205C0AA500CDE190 /* 4sided.png */ = {isa = PBXFileReference; lastKnownFileType = image.png; path = 4sided.png; sourceTree = "<group>"; };
		A66B1207205C0AA500CDE190 /* flipcoin.png */ = {isa = PBXFileReference; lastKnownFileType = image.png; path = flipcoin.png; sourceTree = "<group>"; };
		A66B1208205C0AA500CDE190 /* xsided.png */ = {isa = PBXFileReference; lastKnownFileType = image.png; path = xsided.png; sourceTree = "<group>"; };
		A66B1212205C103700CDE190 /* SearchTableViewController.swift */ = {isa = PBXFileReference; lastKnownFileType = sourcecode.swift; path = SearchTableViewController.swift; sourceTree = "<group>"; };
		A66B1214205C111200CDE190 /* Cards.swift */ = {isa = PBXFileReference; lastKnownFileType = sourcecode.swift; path = Cards.swift; sourceTree = "<group>"; };
		A66B1216205C188000CDE190 /* DetailViewController.swift */ = {isa = PBXFileReference; lastKnownFileType = sourcecode.swift; path = DetailViewController.swift; sourceTree = "<group>"; };
		A6814D36205869C10060BC9F /* ManaCounterViewController.swift */ = {isa = PBXFileReference; lastKnownFileType = sourcecode.swift; path = ManaCounterViewController.swift; sourceTree = "<group>"; };
		A6BF5638205C361500B7C106 /* the scarab god.png */ = {isa = PBXFileReference; lastKnownFileType = image.png; path = "the scarab god.png"; sourceTree = "<group>"; };
		A6BF5639205C361500B7C106 /* lightning bolt.png */ = {isa = PBXFileReference; lastKnownFileType = image.png; path = "lightning bolt.png"; sourceTree = "<group>"; };
		A6BF563A205C361500B7C106 /* snapcaster mage.png */ = {isa = PBXFileReference; lastKnownFileType = image.png; path = "snapcaster mage.png"; sourceTree = "<group>"; };
		A6BF563E205C5AE900B7C106 /* ponder.png */ = {isa = PBXFileReference; lastKnownFileType = image.png; path = ponder.png; sourceTree = "<group>"; };
		A6E34682205C72AE0006A247 /* mox opal.png */ = {isa = PBXFileReference; lastKnownFileType = image.png; path = "mox opal.png"; sourceTree = "<group>"; };
		A6FDFFE9204F0B5C0010068B /* Midterm App.app */ = {isa = PBXFileReference; explicitFileType = wrapper.application; includeInIndex = 0; path = "Midterm App.app"; sourceTree = BUILT_PRODUCTS_DIR; };
		A6FDFFEC204F0B5C0010068B /* AppDelegate.swift */ = {isa = PBXFileReference; lastKnownFileType = sourcecode.swift; path = AppDelegate.swift; sourceTree = "<group>"; };
		A6FDFFEE204F0B5C0010068B /* LifeCounterViewController.swift */ = {isa = PBXFileReference; lastKnownFileType = sourcecode.swift; path = LifeCounterViewController.swift; sourceTree = "<group>"; };
		A6FDFFF1204F0B5C0010068B /* Base */ = {isa = PBXFileReference; lastKnownFileType = file.storyboard; name = Base; path = Base.lproj/Main.storyboard; sourceTree = "<group>"; };
		A6FDFFF3204F0B5C0010068B /* Assets.xcassets */ = {isa = PBXFileReference; lastKnownFileType = folder.assetcatalog; path = Assets.xcassets; sourceTree = "<group>"; };
		A6FDFFF6204F0B5C0010068B /* Base */ = {isa = PBXFileReference; lastKnownFileType = file.storyboard; name = Base; path = Base.lproj/LaunchScreen.storyboard; sourceTree = "<group>"; };
		A6FDFFF8204F0B5C0010068B /* Info.plist */ = {isa = PBXFileReference; lastKnownFileType = text.plist.xml; path = Info.plist; sourceTree = "<group>"; };
/* End PBXFileReference section */

/* Begin PBXFrameworksBuildPhase section */
		A6FDFFE6204F0B5C0010068B /* Frameworks */ = {
			isa = PBXFrameworksBuildPhase;
			buildActionMask = 2147483647;
			files = (
			);
			runOnlyForDeploymentPostprocessing = 0;
		};
/* End PBXFrameworksBuildPhase section */

/* Begin PBXGroup section */
		A60E1FC82056F59D001EAC2B /* Life Counter */ = {
			isa = PBXGroup;
			children = (
				A6FDFFEE204F0B5C0010068B /* LifeCounterViewController.swift */,
			);
			path = "Life Counter";
			sourceTree = "<group>";
		};
		A60E1FCB2056F7B5001EAC2B /* Randomizer */ = {
			isa = PBXGroup;
			children = (
				A60E1FC92056F7AE001EAC2B /* RandomObjectsViewController.swift */,
			);
			path = Randomizer;
			sourceTree = "<group>";
		};
		A625C3122059F5A3000E37D1 /* Trade */ = {
			isa = PBXGroup;
			children = (
				A66B11D2205B49A500CDE190 /* TradeTableViewController.swift */,
			);
			path = Trade;
			sourceTree = "<group>";
		};
		A66B11D1205B496700CDE190 /* Search */ = {
			isa = PBXGroup;
			children = (
				A66B1212205C103700CDE190 /* SearchTableViewController.swift */,
				A66B1216205C188000CDE190 /* DetailViewController.swift */,
				A66B1214205C111200CDE190 /* Cards.swift */,
			);
			path = Search;
			sourceTree = "<group>";
		};
		A66B11D6205BCA2900CDE190 /* Images */ = {
			isa = PBXGroup;
			children = (
				A6BF5637205C360600B7C106 /* Card Images */,
				A66B120F205C0AAC00CDE190 /* Randomizer */,
				A66B11F9205BD36500CDE190 /* TabBarIcons */,
				A66B11EA205BCDDA00CDE190 /* LifeCounterImages */,
				A66B11E5205BCB7A00CDE190 /* ManaCounterImages */,
			);
			path = Images;
			sourceTree = "<group>";
		};
		A66B11E5205BCB7A00CDE190 /* ManaCounterImages */ = {
			isa = PBXGroup;
			children = (
				A66B11DA205BCB6D00CDE190 /* black.png */,
				A66B11D8205BCB6D00CDE190 /* blue.png */,
				A66B11D7205BCB6D00CDE190 /* colorless.png */,
				A66B11DD205BCB6E00CDE190 /* green.png */,
				A66B11E6205BCC9F00CDE190 /* minus.png */,
				A66B11E7205BCC9F00CDE190 /* plus.png */,
				A66B11DC205BCB6E00CDE190 /* red.png */,
				A66B11DB205BCB6D00CDE190 /* storm.png */,
				A66B11D4205BCA1C00CDE190 /* white.png */,
			);
			path = ManaCounterImages;
			sourceTree = "<group>";
		};
		A66B11EA205BCDDA00CDE190 /* LifeCounterImages */ = {
			isa = PBXGroup;
			children = (
				A66B11F2205BCFCD00CDE190 /* decrease.png */,
				A66B11D9205BCB6D00CDE190 /* energy.png */,
				A66B11F1205BCFCC00CDE190 /* increase.png */,
				A66B11EB205BCDF700CDE190 /* poison.png */,
			);
			path = LifeCounterImages;
			sourceTree = "<group>";
		};
		A66B11F9205BD36500CDE190 /* TabBarIcons */ = {
			isa = PBXGroup;
			children = (
				A66B1200205BD51900CDE190 /* counter.png */,
				A66B11F7205BD34900CDE190 /* dice.png */,
				A625C30C2059D211000E37D1 /* heart.png */,
				A66B11CF205B480800CDE190 /* search.png */,
				A66B11FC205BD43A00CDE190 /* trade.png */,
			);
			path = TabBarIcons;
			sourceTree = "<group>";
		};
		A66B120F205C0AAC00CDE190 /* Randomizer */ = {
			isa = PBXGroup;
			children = (
				A66B1206205C0AA500CDE190 /* 4sided.png */,
				A66B1204205C0AA400CDE190 /* 6sided.png */,
				A66B1203205C0AA400CDE190 /* 10sided.png */,
				A66B1205205C0AA400CDE190 /* 20sided.png */,
				A66B1207205C0AA500CDE190 /* flipcoin.png */,
				A66B1208205C0AA500CDE190 /* xsided.png */,
			);
			path = Randomizer;
			sourceTree = "<group>";
		};
		A6814D35205869800060BC9F /* Mana Counter */ = {
			isa = PBXGroup;
			children = (
				A6814D36205869C10060BC9F /* ManaCounterViewController.swift */,
			);
			path = "Mana Counter";
			sourceTree = "<group>";
		};
		A6BF5637205C360600B7C106 /* Card Images */ = {
			isa = PBXGroup;
			children = (
				A6BF5639205C361500B7C106 /* lightning bolt.png */,
				A6E34682205C72AE0006A247 /* mox opal.png */,
				A6BF563E205C5AE900B7C106 /* ponder.png */,
				A6BF563A205C361500B7C106 /* snapcaster mage.png */,
				A6BF5638205C361500B7C106 /* the scarab god.png */,
			);
			path = "Card Images";
			sourceTree = "<group>";
		};
		A6FDFFE0204F0B5C0010068B = {
			isa = PBXGroup;
			children = (
				A6FDFFF0204F0B5C0010068B /* Main.storyboard */,
				A66B11D6205BCA2900CDE190 /* Images */,
				A6FDFFEB204F0B5C0010068B /* Midterm App */,
				A60E1FC82056F59D001EAC2B /* Life Counter */,
				A60E1FCB2056F7B5001EAC2B /* Randomizer */,
				A6814D35205869800060BC9F /* Mana Counter */,
				A625C3122059F5A3000E37D1 /* Trade */,
				A66B11D1205B496700CDE190 /* Search */,
				A6FDFFEA204F0B5C0010068B /* Products */,
			);
			sourceTree = "<group>";
		};
		A6FDFFEA204F0B5C0010068B /* Products */ = {
			isa = PBXGroup;
			children = (
				A6FDFFE9204F0B5C0010068B /* Midterm App.app */,
			);
			name = Products;
			sourceTree = "<group>";
		};
		A6FDFFEB204F0B5C0010068B /* Midterm App */ = {
			isa = PBXGroup;
			children = (
				A6FDFFEC204F0B5C0010068B /* AppDelegate.swift */,
				A6FDFFF3204F0B5C0010068B /* Assets.xcassets */,
				A6FDFFF5204F0B5C0010068B /* LaunchScreen.storyboard */,
				A6FDFFF8204F0B5C0010068B /* Info.plist */,
			);
			path = "Midterm App";
			sourceTree = "<group>";
		};
/* End PBXGroup section */

/* Begin PBXNativeTarget section */
		A6FDFFE8204F0B5C0010068B /* Midterm App */ = {
			isa = PBXNativeTarget;
			buildConfigurationList = A6FDFFFB204F0B5C0010068B /* Build configuration list for PBXNativeTarget "Midterm App" */;
			buildPhases = (
				A6FDFFE5204F0B5C0010068B /* Sources */,
				A6FDFFE6204F0B5C0010068B /* Frameworks */,
				A6FDFFE7204F0B5C0010068B /* Resources */,
			);
			buildRules = (
			);
			dependencies = (
			);
			name = "Midterm App";
			productName = "Midterm App";
			productReference = A6FDFFE9204F0B5C0010068B /* Midterm App.app */;
			productType = "com.apple.product-type.application";
		};
/* End PBXNativeTarget section */

/* Begin PBXProject section */
		A6FDFFE1204F0B5C0010068B /* Project object */ = {
			isa = PBXProject;
			attributes = {
				LastSwiftUpdateCheck = 0920;
				LastUpgradeCheck = 0920;
				ORGANIZATIONNAME = "Irving Delgado";
				TargetAttributes = {
					A6FDFFE8204F0B5C0010068B = {
						CreatedOnToolsVersion = 9.2;
						ProvisioningStyle = Automatic;
					};
				};
			};
			buildConfigurationList = A6FDFFE4204F0B5C0010068B /* Build configuration list for PBXProject "Midterm App" */;
			compatibilityVersion = "Xcode 8.0";
			developmentRegion = en;
			hasScannedForEncodings = 0;
			knownRegions = (
				en,
				Base,
			);
			mainGroup = A6FDFFE0204F0B5C0010068B;
			productRefGroup = A6FDFFEA204F0B5C0010068B /* Products */;
			projectDirPath = "";
			projectRoot = "";
			targets = (
				A6FDFFE8204F0B5C0010068B /* Midterm App */,
			);
		};
/* End PBXProject section */

/* Begin PBXResourcesBuildPhase section */
		A6FDFFE7204F0B5C0010068B /* Resources */ = {
			isa = PBXResourcesBuildPhase;
			buildActionMask = 2147483647;
			files = (
				A66B120E205C0AA500CDE190 /* xsided.png in Resources */,
				A66B11D0205B480800CDE190 /* search.png in Resources */,
				A6BF563F205C5AE900B7C106 /* ponder.png in Resources */,
				A66B120D205C0AA500CDE190 /* flipcoin.png in Resources */,
				A66B120B205C0AA500CDE190 /* 20sided.png in Resources */,
				A625C30D2059D211000E37D1 /* heart.png in Resources */,
				A66B11DE205BCB6E00CDE190 /* colorless.png in Resources */,
				A66B11DF205BCB6E00CDE190 /* blue.png in Resources */,
				A66B11FD205BD43A00CDE190 /* trade.png in Resources */,
				A66B120A205C0AA500CDE190 /* 6sided.png in Resources */,
				A66B11E8205BCC9F00CDE190 /* minus.png in Resources */,
				A66B11EC205BCDF700CDE190 /* poison.png in Resources */,
				A66B11E2205BCB6E00CDE190 /* storm.png in Resources */,
				A66B1209205C0AA500CDE190 /* 10sided.png in Resources */,
				A66B11E0205BCB6E00CDE190 /* energy.png in Resources */,
				A66B120C205C0AA500CDE190 /* 4sided.png in Resources */,
				A6FDFFF7204F0B5C0010068B /* LaunchScreen.storyboard in Resources */,
				A6BF563D205C361500B7C106 /* snapcaster mage.png in Resources */,
				A6BF563B205C361500B7C106 /* the scarab god.png in Resources */,
				A6FDFFF4204F0B5C0010068B /* Assets.xcassets in Resources */,
				A6FDFFF2204F0B5C0010068B /* Main.storyboard in Resources */,
				A66B11E4205BCB6E00CDE190 /* green.png in Resources */,
				A66B11F8205BD34900CDE190 /* dice.png in Resources */,
				A66B11E9205BCC9F00CDE190 /* plus.png in Resources */,
				A66B1201205BD51A00CDE190 /* counter.png in Resources */,
				A66B11E3205BCB6E00CDE190 /* red.png in Resources */,
				A66B11F3205BCFCD00CDE190 /* increase.png in Resources */,
				A66B11D5205BCA1C00CDE190 /* white.png in Resources */,
				A6BF563C205C361500B7C106 /* lightning bolt.png in Resources */,
				A66B11E1205BCB6E00CDE190 /* black.png in Resources */,
				A66B11F4205BCFCD00CDE190 /* decrease.png in Resources */,
				A6E34683205C72AE0006A247 /* mox opal.png in Resources */,
			);
			runOnlyForDeploymentPostprocessing = 0;
		};
/* End PBXResourcesBuildPhase section */

/* Begin PBXSourcesBuildPhase section */
		A6FDFFE5204F0B5C0010068B /* Sources */ = {
			isa = PBXSourcesBuildPhase;
			buildActionMask = 2147483647;
			files = (
				A66B1217205C188000CDE190 /* DetailViewController.swift in Sources */,
				A60E1FCA2056F7AE001EAC2B /* RandomObjectsViewController.swift in Sources */,
				A6FDFFEF204F0B5C0010068B /* LifeCounterViewController.swift in Sources */,
				A66B11D3205B49A500CDE190 /* TradeTableViewController.swift in Sources */,
				A66B1215205C111200CDE190 /* Cards.swift in Sources */,
				A66B1213205C103700CDE190 /* SearchTableViewController.swift in Sources */,
				A6814D37205869C10060BC9F /* ManaCounterViewController.swift in Sources */,
				A6FDFFED204F0B5C0010068B /* AppDelegate.swift in Sources */,
			);
			runOnlyForDeploymentPostprocessing = 0;
		};
/* End PBXSourcesBuildPhase section */

/* Begin PBXVariantGroup section */
		A6FDFFF0204F0B5C0010068B /* Main.storyboard */ = {
			isa = PBXVariantGroup;
			children = (
				A6FDFFF1204F0B5C0010068B /* Base */,
			);
			name = Main.storyboard;
			sourceTree = "<group>";
		};
		A6FDFFF5204F0B5C0010068B /* LaunchScreen.storyboard */ = {
			isa = PBXVariantGroup;
			children = (
				A6FDFFF6204F0B5C0010068B /* Base */,
			);
			name = LaunchScreen.storyboard;
			sourceTree = "<group>";
		};
/* End PBXVariantGroup section */

/* Begin XCBuildConfiguration section */
		A6FDFFF9204F0B5C0010068B /* Debug */ = {
			isa = XCBuildConfiguration;
			buildSettings = {
				ALWAYS_SEARCH_USER_PATHS = NO;
				CLANG_ANALYZER_NONNULL = YES;
				CLANG_ANALYZER_NUMBER_OBJECT_CONVERSION = YES_AGGRESSIVE;
				CLANG_CXX_LANGUAGE_STANDARD = "gnu++14";
				CLANG_CXX_LIBRARY = "libc++";
				CLANG_ENABLE_MODULES = YES;
				CLANG_ENABLE_OBJC_ARC = YES;
				CLANG_WARN_BLOCK_CAPTURE_AUTORELEASING = YES;
				CLANG_WARN_BOOL_CONVERSION = YES;
				CLANG_WARN_COMMA = YES;
				CLANG_WARN_CONSTANT_CONVERSION = YES;
				CLANG_WARN_DIRECT_OBJC_ISA_USAGE = YES_ERROR;
				CLANG_WARN_DOCUMENTATION_COMMENTS = YES;
				CLANG_WARN_EMPTY_BODY = YES;
				CLANG_WARN_ENUM_CONVERSION = YES;
				CLANG_WARN_INFINITE_RECURSION = YES;
				CLANG_WARN_INT_CONVERSION = YES;
				CLANG_WARN_NON_LITERAL_NULL_CONVERSION = YES;
				CLANG_WARN_OBJC_LITERAL_CONVERSION = YES;
				CLANG_WARN_OBJC_ROOT_CLASS = YES_ERROR;
				CLANG_WARN_RANGE_LOOP_ANALYSIS = YES;
				CLANG_WARN_STRICT_PROTOTYPES = YES;
				CLANG_WARN_SUSPICIOUS_MOVE = YES;
				CLANG_WARN_UNGUARDED_AVAILABILITY = YES_AGGRESSIVE;
				CLANG_WARN_UNREACHABLE_CODE = YES;
				CLANG_WARN__DUPLICATE_METHOD_MATCH = YES;
				CODE_SIGN_IDENTITY = "iPhone Developer";
				COPY_PHASE_STRIP = NO;
				DEBUG_INFORMATION_FORMAT = dwarf;
				ENABLE_STRICT_OBJC_MSGSEND = YES;
				ENABLE_TESTABILITY = YES;
				GCC_C_LANGUAGE_STANDARD = gnu11;
				GCC_DYNAMIC_NO_PIC = NO;
				GCC_NO_COMMON_BLOCKS = YES;
				GCC_OPTIMIZATION_LEVEL = 0;
				GCC_PREPROCESSOR_DEFINITIONS = (
					"DEBUG=1",
					"$(inherited)",
				);
				GCC_WARN_64_TO_32_BIT_CONVERSION = YES;
				GCC_WARN_ABOUT_RETURN_TYPE = YES_ERROR;
				GCC_WARN_UNDECLARED_SELECTOR = YES;
				GCC_WARN_UNINITIALIZED_AUTOS = YES_AGGRESSIVE;
				GCC_WARN_UNUSED_FUNCTION = YES;
				GCC_WARN_UNUSED_VARIABLE = YES;
				IPHONEOS_DEPLOYMENT_TARGET = 11.2;
				MTL_ENABLE_DEBUG_INFO = YES;
				ONLY_ACTIVE_ARCH = YES;
				SDKROOT = iphoneos;
				SWIFT_ACTIVE_COMPILATION_CONDITIONS = DEBUG;
				SWIFT_OPTIMIZATION_LEVEL = "-Onone";
			};
			name = Debug;
		};
		A6FDFFFA204F0B5C0010068B /* Release */ = {
			isa = XCBuildConfiguration;
			buildSettings = {
				ALWAYS_SEARCH_USER_PATHS = NO;
				CLANG_ANALYZER_NONNULL = YES;
				CLANG_ANALYZER_NUMBER_OBJECT_CONVERSION = YES_AGGRESSIVE;
				CLANG_CXX_LANGUAGE_STANDARD = "gnu++14";
				CLANG_CXX_LIBRARY = "libc++";
				CLANG_ENABLE_MODULES = YES;
				CLANG_ENABLE_OBJC_ARC = YES;
				CLANG_WARN_BLOCK_CAPTURE_AUTORELEASING = YES;
				CLANG_WARN_BOOL_CONVERSION = YES;
				CLANG_WARN_COMMA = YES;
				CLANG_WARN_CONSTANT_CONVERSION = YES;
				CLANG_WARN_DIRECT_OBJC_ISA_USAGE = YES_ERROR;
				CLANG_WARN_DOCUMENTATION_COMMENTS = YES;
				CLANG_WARN_EMPTY_BODY = YES;
				CLANG_WARN_ENUM_CONVERSION = YES;
				CLANG_WARN_INFINITE_RECURSION = YES;
				CLANG_WARN_INT_CONVERSION = YES;
				CLANG_WARN_NON_LITERAL_NULL_CONVERSION = YES;
				CLANG_WARN_OBJC_LITERAL_CONVERSION = YES;
				CLANG_WARN_OBJC_ROOT_CLASS = YES_ERROR;
				CLANG_WARN_RANGE_LOOP_ANALYSIS = YES;
				CLANG_WARN_STRICT_PROTOTYPES = YES;
				CLANG_WARN_SUSPICIOUS_MOVE = YES;
				CLANG_WARN_UNGUARDED_AVAILABILITY = YES_AGGRESSIVE;
				CLANG_WARN_UNREACHABLE_CODE = YES;
				CLANG_WARN__DUPLICATE_METHOD_MATCH = YES;
				CODE_SIGN_IDENTITY = "iPhone Developer";
				COPY_PHASE_STRIP = NO;
				DEBUG_INFORMATION_FORMAT = "dwarf-with-dsym";
				ENABLE_NS_ASSERTIONS = NO;
				ENABLE_STRICT_OBJC_MSGSEND = YES;
				GCC_C_LANGUAGE_STANDARD = gnu11;
				GCC_NO_COMMON_BLOCKS = YES;
				GCC_WARN_64_TO_32_BIT_CONVERSION = YES;
				GCC_WARN_ABOUT_RETURN_TYPE = YES_ERROR;
				GCC_WARN_UNDECLARED_SELECTOR = YES;
				GCC_WARN_UNINITIALIZED_AUTOS = YES_AGGRESSIVE;
				GCC_WARN_UNUSED_FUNCTION = YES;
				GCC_WARN_UNUSED_VARIABLE = YES;
				IPHONEOS_DEPLOYMENT_TARGET = 11.2;
				MTL_ENABLE_DEBUG_INFO = NO;
				SDKROOT = iphoneos;
				SWIFT_OPTIMIZATION_LEVEL = "-Owholemodule";
				VALIDATE_PRODUCT = YES;
			};
			name = Release;
		};
		A6FDFFFC204F0B5C0010068B /* Debug */ = {
			isa = XCBuildConfiguration;
			buildSettings = {
				ASSETCATALOG_COMPILER_APPICON_NAME = AppIcon;
				CODE_SIGN_STYLE = Automatic;
				DEVELOPMENT_TEAM = QA5WU9F6S6;
				INFOPLIST_FILE = "Midterm App/Info.plist";
				LD_RUNPATH_SEARCH_PATHS = "$(inherited) @executable_path/Frameworks";
				PRODUCT_BUNDLE_IDENTIFIER = "Delgado.Midterm-App";
				PRODUCT_NAME = "$(TARGET_NAME)";
				SWIFT_VERSION = 4.0;
				TARGETED_DEVICE_FAMILY = "1,2";
			};
			name = Debug;
		};
		A6FDFFFD204F0B5C0010068B /* Release */ = {
			isa = XCBuildConfiguration;
			buildSettings = {
				ASSETCATALOG_COMPILER_APPICON_NAME = AppIcon;
				CODE_SIGN_STYLE = Automatic;
				DEVELOPMENT_TEAM = QA5WU9F6S6;
				INFOPLIST_FILE = "Midterm App/Info.plist";
				LD_RUNPATH_SEARCH_PATHS = "$(inherited) @executable_path/Frameworks";
				PRODUCT_BUNDLE_IDENTIFIER = "Delgado.Midterm-App";
				PRODUCT_NAME = "$(TARGET_NAME)";
				SWIFT_VERSION = 4.0;
				TARGETED_DEVICE_FAMILY = "1,2";
			};
			name = Release;
		};
/* End XCBuildConfiguration section */

/* Begin XCConfigurationList section */
		A6FDFFE4204F0B5C0010068B /* Build configuration list for PBXProject "Midterm App" */ = {
			isa = XCConfigurationList;
			buildConfigurations = (
				A6FDFFF9204F0B5C0010068B /* Debug */,
				A6FDFFFA204F0B5C0010068B /* Release */,
			);
			defaultConfigurationIsVisible = 0;
			defaultConfigurationName = Release;
		};
		A6FDFFFB204F0B5C0010068B /* Build configuration list for PBXNativeTarget "Midterm App" */ = {
			isa = XCConfigurationList;
			buildConfigurations = (
				A6FDFFFC204F0B5C0010068B /* Debug */,
				A6FDFFFD204F0B5C0010068B /* Release */,
			);
			defaultConfigurationIsVisible = 0;
			defaultConfigurationName = Release;
		};
/* End XCConfigurationList section */
	};
	rootObject = A6FDFFE1204F0B5C0010068B /* Project object */;
}
